
Microsoft Visual Studio Solution File, Format Version 12.00
# Visual Studio Version 16
VisualStudioVersion = 16.0.28803.352
MinimumVisualStudioVersion = 10.0.40219.1
Project("{FAE04EC0-301F-11D3-BF4B-00C04F79EFBC}") = "Notes.Android", "Notes\Notes.Android\Notes.Android.csproj", "{26F1B413-A49D-4524-8AC0-FF2B096D67D5}"
EndProject
Project("{FAE04EC0-301F-11D3-BF4B-00C04F79EFBC}") = "Notes.iOS", "Notes\Notes.iOS\Notes.iOS.csproj", "{8333B384-7871-4ECF-9C6B-2DB0A800BD31}"
EndProject
Project("{FAE04EC0-301F-11D3-BF4B-00C04F79EFBC}") = "Notes", "Notes\Notes\Notes.csproj", "{4EE73A8E-C739-43DD-9725-6257C69536CA}"
EndProject
Global
	GlobalSection(SolutionConfigurationPlatforms) = preSolution
		Debug|Any CPU = Debug|Any CPU
		Debug|iPhone = Debug|iPhone
		Debug|iPhoneSimulator = Debug|iPhoneSimulator
		Release|Any CPU = Release|Any CPU
		Release|iPhone = Release|iPhone
		Release|iPhoneSimulator = Release|iPhoneSimulator
	EndGlobalSection
	GlobalSection(ProjectConfigurationPlatforms) = postSolution
		{26F1B413-A49D-4524-8AC0-FF2B096D67D5}.Debug|Any CPU.ActiveCfg = Debug|Any CPU
		{26F1B413-A49D-4524-8AC0-FF2B096D67D5}.Debug|Any CPU.Build.0 = Debug|Any CPU
		{26F1B413-A49D-4524-8AC0-FF2B096D67D5}.Debug|Any CPU.Deploy.0 = Debug|Any CPU
		{26F1B413-A49D-4524-8AC0-FF2B096D67D5}.Debug|iPhone.ActiveCfg = Debug|Any CPU
		{26F1B413-A49D-4524-8AC0-FF2B096D67D5}.Debug|iPhone.Build.0 = Debug|Any CPU
		{26F1B413-A49D-4524-8AC0-FF2B096D67D5}.Debug|iPhone.Deploy.0 = Debug|Any CPU
		{26F1B413-A49D-4524-8AC0-FF2B096D67D5}.Debug|iPhoneSimulator.ActiveCfg = Debug|Any CPU
		{26F1B413-A49D-4524-8AC0-FF2B096D67D5}.Debug|iPhoneSimulator.Build.0 = Debug|Any CPU
		{26F1B413-A49D-4524-8AC0-FF2B096D67D5}.Debug|iPhoneSimulator.Deploy.0 = Debug|Any CPU
		{26F1B413-A49D-4524-8AC0-FF2B096D67D5}.Release|Any CPU.ActiveCfg = Release|Any CPU
		{26F1B413-A49D-4524-8AC0-FF2B096D67D5}.Release|Any CPU.Build.0 = Release|Any CPU
		{26F1B413-A49D-4524-8AC0-FF2B096D67D5}.Release|Any CPU.Deploy.0 = Release|Any CPU
		{26F1B413-A49D-4524-8AC0-FF2B096D67D5}.Release|iPhone.ActiveCfg = Release|Any CPU
		{26F1B413-A49D-4524-8AC0-FF2B096D67D5}.Release|iPhone.Build.0 = Release|Any CPU
		{26F1B413-A49D-4524-8AC0-FF2B096D67D5}.Release|iPhone.Deploy.0 = Release|Any CPU
		{26F1B413-A49D-4524-8AC0-FF2B096D67D5}.Release|iPhoneSimulator.ActiveCfg = Release|Any CPU
		{26F1B413-A49D-4524-8AC0-FF2B096D67D5}.Release|iPhoneSimulator.Build.0 = Release|Any CPU
		{26F1B413-A49D-4524-8AC0-FF2B096D67D5}.Release|iPhoneSimulator.Deploy.0 = Release|Any CPU
		{8333B384-7871-4ECF-9C6B-2DB0A800BD31}.Debug|Any CPU.ActiveCfg = Debug|iPhoneSimulator
		{8333B384-7871-4ECF-9C6B-2DB0A800BD31}.Debug|Any CPU.Build.0 = Debug|iPhoneSimulator
		{8333B384-7871-4ECF-9C6B-2DB0A800BD31}.Debug|Any CPU.Deploy.0 = Debug|iPhoneSimulator
		{8333B384-7871-4ECF-9C6B-2DB0A800BD31}.Debug|iPhone.ActiveCfg = Debug|iPhone
		{8333B384-7871-4ECF-9C6B-2DB0A800BD31}.Debug|iPhone.Build.0 = Debug|iPhone
		{8333B384-7871-4ECF-9C6B-2DB0A800BD31}.Debug|iPhone.Deploy.0 = Debug|iPhone
		{8333B384-7871-4ECF-9C6B-2DB0A800BD31}.Debug|iPhoneSimulator.ActiveCfg = Debug|iPhoneSimulator
		{8333B384-7871-4ECF-9C6B-2DB0A800BD31}.Debug|iPhoneSimulator.Build.0 = Debug|iPhoneSimulator
		{8333B384-7871-4ECF-9C6B-2DB0A800BD31}.Debug|iPhoneSimulator.Deploy.0 = Debug|iPhoneSimulator
		{8333B384-7871-4ECF-9C6B-2DB0A800BD31}.Release|Any CPU.ActiveCfg = Release|iPhone
		{8333B384-7871-4ECF-9C6B-2DB0A800BD31}.Release|Any CPU.Build.0 = Release|iPhone
		{8333B384-7871-4ECF-9C6B-2DB0A800BD31}.Release|Any CPU.Deploy.0 = Release|iPhone
		{8333B384-7871-4ECF-9C6B-2DB0A800BD31}.Release|iPhone.ActiveCfg = Release|iPhone
		{8333B384-7871-4ECF-9C6B-2DB0A800BD31}.Release|iPhone.Build.0 = Release|iPhone
		{8333B384-7871-4ECF-9C6B-2DB0A800BD31}.Release|iPhone.Deploy.0 = Release|iPhone
		{8333B384-7871-4ECF-9C6B-2DB0A800BD31}.Release|iPhoneSimulator.ActiveCfg = Release|iPhoneSimulator
		{8333B384-7871-4ECF-9C6B-2DB0A800BD31}.Release|iPhoneSimulator.Build.0 = Release|iPhoneSimulator
		{8333B384-7871-4ECF-9C6B-2DB0A800BD31}.Release|iPhoneSimulator.Deploy.0 = Release|iPhoneSimulator
		{4EE73A8E-C739-43DD-9725-6257C69536CA}.Debug|Any CPU.ActiveCfg = Debug|Any CPU
		{4EE73A8E-C739-43DD-9725-6257C69536CA}.Debug|Any CPU.Build.0 = Debug|Any CPU
		{4EE73A8E-C739-43DD-9725-6257C69536CA}.Debug|Any CPU.Deploy.0 = Debug|Any CPU
		{4EE73A8E-C739-43DD-9725-6257C69536CA}.Debug|iPhone.ActiveCfg = Debug|Any CPU
		{4EE73A8E-C739-43DD-9725-6257C69536CA}.Debug|iPhone.Build.0 = Debug|Any CPU
		{4EE73A8E-C739-43DD-9725-6257C69536CA}.Debug|iPhone.Deploy.0 = Debug|Any CPU
		{4EE73A8E-C739-43DD-9725-6257C69536CA}.Debug|iPhoneSimulator.ActiveCfg = Debug|Any CPU
		{4EE73A8E-C739-43DD-9725-6257C69536CA}.Debug|iPhoneSimulator.Build.0 = Debug|Any CPU
		{4EE73A8E-C739-43DD-9725-6257C69536CA}.Debug|iPhoneSimulator.Deploy.0 = Debug|Any CPU
		{4EE73A8E-C739-43DD-9725-6257C69536CA}.Release|Any CPU.ActiveCfg = Release|Any CPU
		{4EE73A8E-C739-43DD-9725-6257C69536CA}.Release|Any CPU.Build.0 = Release|Any CPU
		{4EE73A8E-C739-43DD-9725-6257C69536CA}.Release|Any CPU.Deploy.0 = Release|Any CPU
		{4EE73A8E-C739-43DD-9725-6257C69536CA}.Release|iPhone.ActiveCfg = Release|Any CPU
		{4EE73A8E-C739-43DD-9725-6257C69536CA}.Release|iPhone.Build.0 = Release|Any CPU
		{4EE73A8E-C739-43DD-9725-6257C69536CA}.Release|iPhone.Deploy.0 = Release|Any CPU
		{4EE73A8E-C739-43DD-9725-6257C69536CA}.Release|iPhoneSimulator.ActiveCfg = Release|Any CPU
		{4EE73A8E-C739-43DD-9725-6257C69536CA}.Release|iPhoneSimulator.Build.0 = Release|Any CPU
		{4EE73A8E-C739-43DD-9725-6257C69536CA}.Release|iPhoneSimulator.Deploy.0 = Release|Any CPU
	EndGlobalSection
	GlobalSection(SolutionProperties) = preSolution
		HideSolutionNode = FALSE
	EndGlobalSection
	GlobalSection(ExtensibilityGlobals) = postSolution
		SolutionGuid = {3F080BD3-ABEB-4B5C-9C62-DD87A6196A78}
	EndGlobalSection
EndGlobal
